
Microsoft Visual Studio Solution File, Format Version 12.00
# Visual Studio Version 17
VisualStudioVersion = 17.14.36221.1 d17.14
MinimumVisualStudioVersion = 10.0.40219.1
Project("{FAE04EC0-301F-11D3-BF4B-00C04F79EFBC}") = "Movies.Api.Cqrs", "Movies.Api.Cqrs\Movies.Api.Cqrs.csproj", "{69B17823-12C8-449B-9802-1790152414D8}"
EndProject
Project("{FAE04EC0-301F-11D3-BF4B-00C04F79EFBC}") = "Movies.Api.Cqrs.Application", "Movies.Api.Cqrs.Application\Movies.Api.Cqrs.Application.csproj", "{71173DA7-8199-453D-AF91-ADBCDC9355A5}"
EndProject
Project("{FAE04EC0-301F-11D3-BF4B-00C04F79EFBC}") = "Movies.Api.Cqrs.Infrastructure", "Movies.Api.Cqrs.Infrastructure\Movies.Api.Cqrs.Infrastructure.csproj", "{0E76365A-217A-4A76-B02F-CFD8896B44CB}"
EndProject
Global
	GlobalSection(SolutionConfigurationPlatforms) = preSolution
		Debug|Any CPU = Debug|Any CPU
		Release|Any CPU = Release|Any CPU
	EndGlobalSection
	GlobalSection(ProjectConfigurationPlatforms) = postSolution
		{69B17823-12C8-449B-9802-1790152414D8}.Debug|Any CPU.ActiveCfg = Debug|Any CPU
		{69B17823-12C8-449B-9802-1790152414D8}.Debug|Any CPU.Build.0 = Debug|Any CPU
		{69B17823-12C8-449B-9802-1790152414D8}.Release|Any CPU.ActiveCfg = Release|Any CPU
		{69B17823-12C8-449B-9802-1790152414D8}.Release|Any CPU.Build.0 = Release|Any CPU
		{71173DA7-8199-453D-AF91-ADBCDC9355A5}.Debug|Any CPU.ActiveCfg = Debug|Any CPU
		{71173DA7-8199-453D-AF91-ADBCDC9355A5}.Debug|Any CPU.Build.0 = Debug|Any CPU
		{71173DA7-8199-453D-AF91-ADBCDC9355A5}.Release|Any CPU.ActiveCfg = Release|Any CPU
		{71173DA7-8199-453D-AF91-ADBCDC9355A5}.Release|Any CPU.Build.0 = Release|Any CPU
		{0E76365A-217A-4A76-B02F-CFD8896B44CB}.Debug|Any CPU.ActiveCfg = Debug|Any CPU
		{0E76365A-217A-4A76-B02F-CFD8896B44CB}.Debug|Any CPU.Build.0 = Debug|Any CPU
		{0E76365A-217A-4A76-B02F-CFD8896B44CB}.Release|Any CPU.ActiveCfg = Release|Any CPU
		{0E76365A-217A-4A76-B02F-CFD8896B44CB}.Release|Any CPU.Build.0 = Release|Any CPU
	EndGlobalSection
	GlobalSection(SolutionProperties) = preSolution
		HideSolutionNode = FALSE
	EndGlobalSection
	GlobalSection(ExtensibilityGlobals) = postSolution
		SolutionGuid = {2A0781F7-D3B6-4A54-9F1B-D88020048D5B}
	EndGlobalSection
EndGlobal
